// !$*UTF8*$!
{
	archiveVersion = 1;
	classes = {
	};
	objectVersion = 77;
	objects = {

/* Begin PBXContainerItemProxy section */
		4C1EB9F52DD38D6200590AB7 /* PBXContainerItemProxy */ = {
			isa = PBXContainerItemProxy;
			containerPortal = 4C1EB9DF2DD38D6100590AB7 /* Project object */;
			proxyType = 1;
			remoteGlobalIDString = 4C1EB9E62DD38D6100590AB7;
			remoteInfo = 77;
		};
		4C1EB9FF2DD38D6200590AB7 /* PBXContainerItemProxy */ = {
			isa = PBXContainerItemProxy;
			containerPortal = 4C1EB9DF2DD38D6100590AB7 /* Project object */;
			proxyType = 1;
			remoteGlobalIDString = 4C1EB9E62DD38D6100590AB7;
			remoteInfo = 77;
		};
/* End PBXContainerItemProxy section */

/* Begin PBXFileReference section */
		4C1EB9E72DD38D6100590AB7 /* 77.app */ = {isa = PBXFileReference; explicitFileType = wrapper.application; includeInIndex = 0; path = 77.app; sourceTree = BUILT_PRODUCTS_DIR; };
		4C1EB9F42DD38D6200590AB7 /* 77Tests.xctest */ = {isa = PBXFileReference; explicitFileType = wrapper.cfbundle; includeInIndex = 0; path = 77Tests.xctest; sourceTree = BUILT_PRODUCTS_DIR; };
		4C1EB9FE2DD38D6200590AB7 /* 77UITests.xctest */ = {isa = PBXFileReference; explicitFileType = wrapper.cfbundle; includeInIndex = 0; path = 77UITests.xctest; sourceTree = BUILT_PRODUCTS_DIR; };
/* End PBXFileReference section */

/* Begin PBXFileSystemSynchronizedRootGroup section */
		4C1EB9E92DD38D6100590AB7 /* 77 */ = {
			isa = PBXFileSystemSynchronizedRootGroup;
			path = 77;
			sourceTree = "<group>";
		};
		4C1EB9F72DD38D6200590AB7 /* 77Tests */ = {
			isa = PBXFileSystemSynchronizedRootGroup;
			path = 77Tests;
			sourceTree = "<group>";
		};
		4C1EBA012DD38D6200590AB7 /* 77UITests */ = {
			isa = PBXFileSystemSynchronizedRootGroup;
			path = 77UITests;
			sourceTree = "<group>";
		};
/* End PBXFileSystemSynchronizedRootGroup section */

/* Begin PBXFrameworksBuildPhase section */
		4C1EB9E42DD38D6100590AB7 /* Frameworks */ = {
			isa = PBXFrameworksBuildPhase;
			buildActionMask = 2147483647;
			files = (
			);
			runOnlyForDeploymentPostprocessing = 0;
		};
		4C1EB9F12DD38D6200590AB7 /* Frameworks */ = {
			isa = PBXFrameworksBuildPhase;
			buildActionMask = 2147483647;
			files = (
			);
			runOnlyForDeploymentPostprocessing = 0;
		};
		4C1EB9FB2DD38D6200590AB7 /* Frameworks */ = {
			isa = PBXFrameworksBuildPhase;
			buildActionMask = 2147483647;
			files = (
			);
			runOnlyForDeploymentPostprocessing = 0;
		};
/* End PBXFrameworksBuildPhase section */

/* Begin PBXGroup section */
		4C1EB9DE2DD38D6100590AB7 = {
			isa = PBXGroup;
			children = (
				4C1EB9E92DD38D6100590AB7 /* 77 */,
				4C1EB9F72DD38D6200590AB7 /* 77Tests */,
				4C1EBA012DD38D6200590AB7 /* 77UITests */,
				4C1EB9E82DD38D6100590AB7 /* Products */,
			);
			sourceTree = "<group>";
		};
		4C1EB9E82DD38D6100590AB7 /* Products */ = {
			isa = PBXGroup;
			children = (
				4C1EB9E72DD38D6100590AB7 /* 77.app */,
				4C1EB9F42DD38D6200590AB7 /* 77Tests.xctest */,
				4C1EB9FE2DD38D6200590AB7 /* 77UITests.xctest */,
			);
			name = Products;
			sourceTree = "<group>";
		};
/* End PBXGroup section */

/* Begin PBXNativeTarget section */
		4C1EB9E62DD38D6100590AB7 /* 77 */ = {
			isa = PBXNativeTarget;
			buildConfigurationList = 4C1EBA082DD38D6200590AB7 /* Build configuration list for PBXNativeTarget "77" */;
			buildPhases = (
				4C1EB9E32DD38D6100590AB7 /* Sources */,
				4C1EB9E42DD38D6100590AB7 /* Frameworks */,
				4C1EB9E52DD38D6100590AB7 /* Resources */,
			);
			buildRules = (
			);
			dependencies = (
			);
			fileSystemSynchronizedGroups = (
				4C1EB9E92DD38D6100590AB7 /* 77 */,
			);
			name = 77;
			packageProductDependencies = (
			);
			productName = 77;
			productReference = 4C1EB9E72DD38D6100590AB7 /* 77.app */;
			productType = "com.apple.product-type.application";
		};
		4C1EB9F32DD38D6200590AB7 /* 77Tests */ = {
			isa = PBXNativeTarget;
			buildConfigurationList = 4C1EBA0B2DD38D6200590AB7 /* Build configuration list for PBXNativeTarget "77Tests" */;
			buildPhases = (
				4C1EB9F02DD38D6200590AB7 /* Sources */,
				4C1EB9F12DD38D6200590AB7 /* Frameworks */,
				4C1EB9F22DD38D6200590AB7 /* Resources */,
			);
			buildRules = (
			);
			dependencies = (
				4C1EB9F62DD38D6200590AB7 /* PBXTargetDependency */,
			);
			fileSystemSynchronizedGroups = (
				4C1EB9F72DD38D6200590AB7 /* 77Tests */,
			);
			name = 77Tests;
			packageProductDependencies = (
			);
			productName = 77Tests;
			productReference = 4C1EB9F42DD38D6200590AB7 /* 77Tests.xctest */;
			productType = "com.apple.product-type.bundle.unit-test";
		};
		4C1EB9FD2DD38D6200590AB7 /* 77UITests */ = {
			isa = PBXNativeTarget;
			buildConfigurationList = 4C1EBA0E2DD38D6200590AB7 /* Build configuration list for PBXNativeTarget "77UITests" */;
			buildPhases = (
				4C1EB9FA2DD38D6200590AB7 /* Sources */,
				4C1EB9FB2DD38D6200590AB7 /* Frameworks */,
				4C1EB9FC2DD38D6200590AB7 /* Resources */,
			);
			buildRules = (
			);
			dependencies = (
				4C1EBA002DD38D6200590AB7 /* PBXTargetDependency */,
			);
			fileSystemSynchronizedGroups = (
				4C1EBA012DD38D6200590AB7 /* 77UITests */,
			);
			name = 77UITests;
			packageProductDependencies = (
			);
			productName = 77UITests;
			productReference = 4C1EB9FE2DD38D6200590AB7 /* 77UITests.xctest */;
			productType = "com.apple.product-type.bundle.ui-testing";
		};
/* End PBXNativeTarget section */

/* Begin PBXProject section */
		4C1EB9DF2DD38D6100590AB7 /* Project object */ = {
			isa = PBXProject;
			attributes = {
				BuildIndependentTargetsInParallel = 1;
				LastSwiftUpdateCheck = 1630;
				LastUpgradeCheck = 1630;
				TargetAttributes = {
					4C1EB9E62DD38D6100590AB7 = {
						CreatedOnToolsVersion = 16.3;
					};
					4C1EB9F32DD38D6200590AB7 = {
						CreatedOnToolsVersion = 16.3;
						TestTargetID = 4C1EB9E62DD38D6100590AB7;
					};
					4C1EB9FD2DD38D6200590AB7 = {
						CreatedOnToolsVersion = 16.3;
						TestTargetID = 4C1EB9E62DD38D6100590AB7;
					};
				};
			};
			buildConfigurationList = 4C1EB9E22DD38D6100590AB7 /* Build configuration list for PBXProject "77" */;
			developmentRegion = en;
			hasScannedForEncodings = 0;
			knownRegions = (
				en,
				Base,
			);
			mainGroup = 4C1EB9DE2DD38D6100590AB7;
			minimizedProjectReferenceProxies = 1;
			preferredProjectObjectVersion = 77;
			productRefGroup = 4C1EB9E82DD38D6100590AB7 /* Products */;
			projectDirPath = "";
			projectRoot = "";
			targets = (
				4C1EB9E62DD38D6100590AB7 /* 77 */,
				4C1EB9F32DD38D6200590AB7 /* 77Tests */,
				4C1EB9FD2DD38D6200590AB7 /* 77UITests */,
			);
		};
/* End PBXProject section */

/* Begin PBXResourcesBuildPhase section */
		4C1EB9E52DD38D6100590AB7 /* Resources */ = {
			isa = PBXResourcesBuildPhase;
			buildActionMask = 2147483647;
			files = (
			);
			runOnlyForDeploymentPostprocessing = 0;
		};
		4C1EB9F22DD38D6200590AB7 /* Resources */ = {
			isa = PBXResourcesBuildPhase;
			buildActionMask = 2147483647;
			files = (
			);
			runOnlyForDeploymentPostprocessing = 0;
		};
		4C1EB9FC2DD38D6200590AB7 /* Resources */ = {
			isa = PBXResourcesBuildPhase;
			buildActionMask = 2147483647;
			files = (
			);
			runOnlyForDeploymentPostprocessing = 0;
		};
/* End PBXResourcesBuildPhase section */

/* Begin PBXSourcesBuildPhase section */
		4C1EB9E32DD38D6100590AB7 /* Sources */ = {
			isa = PBXSourcesBuildPhase;
			buildActionMask = 2147483647;
			files = (
			);
			runOnlyForDeploymentPostprocessing = 0;
		};
		4C1EB9F02DD38D6200590AB7 /* Sources */ = {
			isa = PBXSourcesBuildPhase;
			buildActionMask = 2147483647;
			files = (
			);
			runOnlyForDeploymentPostprocessing = 0;
		};
		4C1EB9FA2DD38D6200590AB7 /* Sources */ = {
			isa = PBXSourcesBuildPhase;
			buildActionMask = 2147483647;
			files = (
			);
			runOnlyForDeploymentPostprocessing = 0;
		};
/* End PBXSourcesBuildPhase section */

/* Begin PBXTargetDependency section */
		4C1EB9F62DD38D6200590AB7 /* PBXTargetDependency */ = {
			isa = PBXTargetDependency;
			target = 4C1EB9E62DD38D6100590AB7 /* 77 */;
			targetProxy = 4C1EB9F52DD38D6200590AB7 /* PBXContainerItemProxy */;
		};
		4C1EBA002DD38D6200590AB7 /* PBXTargetDependency */ = {
			isa = PBXTargetDependency;
			target = 4C1EB9E62DD38D6100590AB7 /* 77 */;
			targetProxy = 4C1EB9FF2DD38D6200590AB7 /* PBXContainerItemProxy */;
		};
/* End PBXTargetDependency section */

/* Begin XCBuildConfiguration section */
		4C1EBA062DD38D6200590AB7 /* Debug */ = {
			isa = XCBuildConfiguration;
			buildSettings = {
				ALWAYS_SEARCH_USER_PATHS = NO;
				ASSETCATALOG_COMPILER_GENERATE_SWIFT_ASSET_SYMBOL_EXTENSIONS = YES;
				CLANG_ANALYZER_NONNULL = YES;
				CLANG_ANALYZER_NUMBER_OBJECT_CONVERSION = YES_AGGRESSIVE;
				CLANG_CXX_LANGUAGE_STANDARD = "gnu++20";
				CLANG_ENABLE_MODULES = YES;
				CLANG_ENABLE_OBJC_ARC = YES;
				CLANG_ENABLE_OBJC_WEAK = YES;
				CLANG_WARN_BLOCK_CAPTURE_AUTORELEASING = YES;
				CLANG_WARN_BOOL_CONVERSION = YES;
				CLANG_WARN_COMMA = YES;
				CLANG_WARN_CONSTANT_CONVERSION = YES;
				CLANG_WARN_DEPRECATED_OBJC_IMPLEMENTATIONS = YES;
				CLANG_WARN_DIRECT_OBJC_ISA_USAGE = YES_ERROR;
				CLANG_WARN_DOCUMENTATION_COMMENTS = YES;
				CLANG_WARN_EMPTY_BODY = YES;
				CLANG_WARN_ENUM_CONVERSION = YES;
				CLANG_WARN_INFINITE_RECURSION = YES;
				CLANG_WARN_INT_CONVERSION = YES;
				CLANG_WARN_NON_LITERAL_NULL_CONVERSION = YES;
				CLANG_WARN_OBJC_IMPLICIT_RETAIN_SELF = YES;
				CLANG_WARN_OBJC_LITERAL_CONVERSION = YES;
				CLANG_WARN_OBJC_ROOT_CLASS = YES_ERROR;
				CLANG_WARN_QUOTED_INCLUDE_IN_FRAMEWORK_HEADER = YES;
				CLANG_WARN_RANGE_LOOP_ANALYSIS = YES;
				CLANG_WARN_STRICT_PROTOTYPES = YES;
				CLANG_WARN_SUSPICIOUS_MOVE = YES;
				CLANG_WARN_UNGUARDED_AVAILABILITY = YES_AGGRESSIVE;
				CLANG_WARN_UNREACHABLE_CODE = YES;
				CLANG_WARN__DUPLICATE_METHOD_MATCH = YES;
				COPY_PHASE_STRIP = NO;
				DEBUG_INFORMATION_FORMAT = dwarf;
				ENABLE_STRICT_OBJC_MSGSEND = YES;
				ENABLE_TESTABILITY = YES;
				ENABLE_USER_SCRIPT_SANDBOXING = YES;
				GCC_C_LANGUAGE_STANDARD = gnu17;
				GCC_DYNAMIC_NO_PIC = NO;
				GCC_NO_COMMON_BLOCKS = YES;
				GCC_OPTIMIZATION_LEVEL = 0;
				GCC_PREPROCESSOR_DEFINITIONS = (
					"DEBUG=1",
					"$(inherited)",
				);
				GCC_WARN_64_TO_32_BIT_CONVERSION = YES;
				GCC_WARN_ABOUT_RETURN_TYPE = YES_ERROR;
				GCC_WARN_UNDECLARED_SELECTOR = YES;
				GCC_WARN_UNINITIALIZED_AUTOS = YES_AGGRESSIVE;
				GCC_WARN_UNUSED_FUNCTION = YES;
				GCC_WARN_UNUSED_VARIABLE = YES;
				IPHONEOS_DEPLOYMENT_TARGET = 18.4;
				LOCALIZATION_PREFERS_STRING_CATALOGS = YES;
				MTL_ENABLE_DEBUG_INFO = INCLUDE_SOURCE;
				MTL_FAST_MATH = YES;
				ONLY_ACTIVE_ARCH = YES;
				SDKROOT = iphoneos;
				SWIFT_ACTIVE_COMPILATION_CONDITIONS = "DEBUG $(inherited)";
				SWIFT_OPTIMIZATION_LEVEL = "-Onone";
			};
			name = Debug;
		};
		4C1EBA072DD38D6200590AB7 /* Release */ = {
			isa = XCBuildConfiguration;
			buildSettings = {
				ALWAYS_SEARCH_USER_PATHS = NO;
				ASSETCATALOG_COMPILER_GENERATE_SWIFT_ASSET_SYMBOL_EXTENSIONS = YES;
				CLANG_ANALYZER_NONNULL = YES;
				CLANG_ANALYZER_NUMBER_OBJECT_CONVERSION = YES_AGGRESSIVE;
				CLANG_CXX_LANGUAGE_STANDARD = "gnu++20";
				CLANG_ENABLE_MODULES = YES;
				CLANG_ENABLE_OBJC_ARC = YES;
				CLANG_ENABLE_OBJC_WEAK = YES;
				CLANG_WARN_BLOCK_CAPTURE_AUTORELEASING = YES;
				CLANG_WARN_BOOL_CONVERSION = YES;
				CLANG_WARN_COMMA = YES;
				CLANG_WARN_CONSTANT_CONVERSION = YES;
				CLANG_WARN_DEPRECATED_OBJC_IMPLEMENTATIONS = YES;
				CLANG_WARN_DIRECT_OBJC_ISA_USAGE = YES_ERROR;
				CLANG_WARN_DOCUMENTATION_COMMENTS = YES;
				CLANG_WARN_EMPTY_BODY = YES;
				CLANG_WARN_ENUM_CONVERSION = YES;
				CLANG_WARN_INFINITE_RECURSION = YES;
				CLANG_WARN_INT_CONVERSION = YES;
				CLANG_WARN_NON_LITERAL_NULL_CONVERSION = YES;
				CLANG_WARN_OBJC_IMPLICIT_RETAIN_SELF = YES;
				CLANG_WARN_OBJC_LITERAL_CONVERSION = YES;
				CLANG_WARN_OBJC_ROOT_CLASS = YES_ERROR;
				CLANG_WARN_QUOTED_INCLUDE_IN_FRAMEWORK_HEADER = YES;
				CLANG_WARN_RANGE_LOOP_ANALYSIS = YES;
				CLANG_WARN_STRICT_PROTOTYPES = YES;
				CLANG_WARN_SUSPICIOUS_MOVE = YES;
				CLANG_WARN_UNGUARDED_AVAILABILITY = YES_AGGRESSIVE;
				CLANG_WARN_UNREACHABLE_CODE = YES;
				CLANG_WARN__DUPLICATE_METHOD_MATCH = YES;
				COPY_PHASE_STRIP = NO;
				DEBUG_INFORMATION_FORMAT = "dwarf-with-dsym";
				ENABLE_NS_ASSERTIONS = NO;
				ENABLE_STRICT_OBJC_MSGSEND = YES;
				ENABLE_USER_SCRIPT_SANDBOXING = YES;
				GCC_C_LANGUAGE_STANDARD = gnu17;
				GCC_NO_COMMON_BLOCKS = YES;
				GCC_WARN_64_TO_32_BIT_CONVERSION = YES;
				GCC_WARN_ABOUT_RETURN_TYPE = YES_ERROR;
				GCC_WARN_UNDECLARED_SELECTOR = YES;
				GCC_WARN_UNINITIALIZED_AUTOS = YES_AGGRESSIVE;
				GCC_WARN_UNUSED_FUNCTION = YES;
				GCC_WARN_UNUSED_VARIABLE = YES;
				IPHONEOS_DEPLOYMENT_TARGET = 18.4;
				LOCALIZATION_PREFERS_STRING_CATALOGS = YES;
				MTL_ENABLE_DEBUG_INFO = NO;
				MTL_FAST_MATH = YES;
				SDKROOT = iphoneos;
				SWIFT_COMPILATION_MODE = wholemodule;
				VALIDATE_PRODUCT = YES;
			};
			name = Release;
		};
		4C1EBA092DD38D6200590AB7 /* Debug */ = {
			isa = XCBuildConfiguration;
			buildSettings = {
				ASSETCATALOG_COMPILER_APPICON_NAME = AppIcon;
				ASSETCATALOG_COMPILER_GLOBAL_ACCENT_COLOR_NAME = AccentColor;
				CODE_SIGN_STYLE = Automatic;
				CURRENT_PROJECT_VERSION = 1;
				ENABLE_PREVIEWS = YES;
				GENERATE_INFOPLIST_FILE = YES;
				INFOPLIST_KEY_UIApplicationSceneManifest_Generation = YES;
				INFOPLIST_KEY_UIApplicationSupportsIndirectInputEvents = YES;
				INFOPLIST_KEY_UILaunchScreen_Generation = YES;
				INFOPLIST_KEY_UISupportedInterfaceOrientations_iPad = "UIInterfaceOrientationPortrait UIInterfaceOrientationPortraitUpsideDown UIInterfaceOrientationLandscapeLeft UIInterfaceOrientationLandscapeRight";
				INFOPLIST_KEY_UISupportedInterfaceOrientations_iPhone = "UIInterfaceOrientationPortrait UIInterfaceOrientationLandscapeLeft UIInterfaceOrientationLandscapeRight";
				LD_RUNPATH_SEARCH_PATHS = (
					"$(inherited)",
					"@executable_path/Frameworks",
				);
				MARKETING_VERSION = 1.0;
				PRODUCT_BUNDLE_IDENTIFIER = "-1.-7";
				PRODUCT_NAME = "$(TARGET_NAME)";
				SWIFT_EMIT_LOC_STRINGS = YES;
				SWIFT_VERSION = 5.0;
				TARGETED_DEVICE_FAMILY = "1,2";
			};
			name = Debug;
		};
		4C1EBA0A2DD38D6200590AB7 /* Release */ = {
			isa = XCBuildConfiguration;
			buildSettings = {
				ASSETCATALOG_COMPILER_APPICON_NAME = AppIcon;
				ASSETCATALOG_COMPILER_GLOBAL_ACCENT_COLOR_NAME = AccentColor;
				CODE_SIGN_STYLE = Automatic;
				CURRENT_PROJECT_VERSION = 1;
				ENABLE_PREVIEWS = YES;
				GENERATE_INFOPLIST_FILE = YES;
				INFOPLIST_KEY_UIApplicationSceneManifest_Generation = YES;
				INFOPLIST_KEY_UIApplicationSupportsIndirectInputEvents = YES;
				INFOPLIST_KEY_UILaunchScreen_Generation = YES;
				INFOPLIST_KEY_UISupportedInterfaceOrientations_iPad = "UIInterfaceOrientationPortrait UIInterfaceOrientationPortraitUpsideDown UIInterfaceOrientationLandscapeLeft UIInterfaceOrientationLandscapeRight";
				INFOPLIST_KEY_UISupportedInterfaceOrientations_iPhone = "UIInterfaceOrientationPortrait UIInterfaceOrientationLandscapeLeft UIInterfaceOrientationLandscapeRight";
				LD_RUNPATH_SEARCH_PATHS = (
					"$(inherited)",
					"@executable_path/Frameworks",
				);
				MARKETING_VERSION = 1.0;
				PRODUCT_BUNDLE_IDENTIFIER = "-1.-7";
				PRODUCT_NAME = "$(TARGET_NAME)";
				SWIFT_EMIT_LOC_STRINGS = YES;
				SWIFT_VERSION = 5.0;
				TARGETED_DEVICE_FAMILY = "1,2";
			};
			name = Release;
		};
		4C1EBA0C2DD38D6200590AB7 /* Debug */ = {
			isa = XCBuildConfiguration;
			buildSettings = {
				BUNDLE_LOADER = "$(TEST_HOST)";
				CODE_SIGN_STYLE = Automatic;
				CURRENT_PROJECT_VERSION = 1;
				GENERATE_INFOPLIST_FILE = YES;
				IPHONEOS_DEPLOYMENT_TARGET = 18.4;
				MARKETING_VERSION = 1.0;
				PRODUCT_BUNDLE_IDENTIFIER = "-1.-7Tests";
				PRODUCT_NAME = "$(TARGET_NAME)";
				SWIFT_EMIT_LOC_STRINGS = NO;
				SWIFT_VERSION = 5.0;
				TARGETED_DEVICE_FAMILY = "1,2";
				TEST_HOST = "$(BUILT_PRODUCTS_DIR)/77.app/$(BUNDLE_EXECUTABLE_FOLDER_PATH)/77";
			};
			name = Debug;
		};
		4C1EBA0D2DD38D6200590AB7 /* Release */ = {
			isa = XCBuildConfiguration;
			buildSettings = {
				BUNDLE_LOADER = "$(TEST_HOST)";
				CODE_SIGN_STYLE = Automatic;
				CURRENT_PROJECT_VERSION = 1;
				GENERATE_INFOPLIST_FILE = YES;
				IPHONEOS_DEPLOYMENT_TARGET = 18.4;
				MARKETING_VERSION = 1.0;
				PRODUCT_BUNDLE_IDENTIFIER = "-1.-7Tests";
				PRODUCT_NAME = "$(TARGET_NAME)";
				SWIFT_EMIT_LOC_STRINGS = NO;
				SWIFT_VERSION = 5.0;
				TARGETED_DEVICE_FAMILY = "1,2";
				TEST_HOST = "$(BUILT_PRODUCTS_DIR)/77.app/$(BUNDLE_EXECUTABLE_FOLDER_PATH)/77";
			};
			name = Release;
		};
		4C1EBA0F2DD38D6200590AB7 /* Debug */ = {
			isa = XCBuildConfiguration;
			buildSettings = {
				CODE_SIGN_STYLE = Automatic;
				CURRENT_PROJECT_VERSION = 1;
				GENERATE_INFOPLIST_FILE = YES;
				MARKETING_VERSION = 1.0;
				PRODUCT_BUNDLE_IDENTIFIER = "-1.-7UITests";
				PRODUCT_NAME = "$(TARGET_NAME)";
				SWIFT_EMIT_LOC_STRINGS = NO;
				SWIFT_VERSION = 5.0;
				TARGETED_DEVICE_FAMILY = "1,2";
				TEST_TARGET_NAME = 77;
			};
			name = Debug;
		};
		4C1EBA102DD38D6200590AB7 /* Release */ = {
			isa = XCBuildConfiguration;
			buildSettings = {
				CODE_SIGN_STYLE = Automatic;
				CURRENT_PROJECT_VERSION = 1;
				GENERATE_INFOPLIST_FILE = YES;
				MARKETING_VERSION = 1.0;
				PRODUCT_BUNDLE_IDENTIFIER = "-1.-7UITests";
				PRODUCT_NAME = "$(TARGET_NAME)";
				SWIFT_EMIT_LOC_STRINGS = NO;
				SWIFT_VERSION = 5.0;
				TARGETED_DEVICE_FAMILY = "1,2";
				TEST_TARGET_NAME = 77;
			};
			name = Release;
		};
/* End XCBuildConfiguration section */

/* Begin XCConfigurationList section */
		4C1EB9E22DD38D6100590AB7 /* Build configuration list for PBXProject "77" */ = {
			isa = XCConfigurationList;
			buildConfigurations = (
				4C1EBA062DD38D6200590AB7 /* Debug */,
				4C1EBA072DD38D6200590AB7 /* Release */,
			);
			defaultConfigurationIsVisible = 0;
			defaultConfigurationName = Release;
		};
		4C1EBA082DD38D6200590AB7 /* Build configuration list for PBXNativeTarget "77" */ = {
			isa = XCConfigurationList;
			buildConfigurations = (
				4C1EBA092DD38D6200590AB7 /* Debug */,
				4C1EBA0A2DD38D6200590AB7 /* Release */,
			);
			defaultConfigurationIsVisible = 0;
			defaultConfigurationName = Release;
		};
		4C1EBA0B2DD38D6200590AB7 /* Build configuration list for PBXNativeTarget "77Tests" */ = {
			isa = XCConfigurationList;
			buildConfigurations = (
				4C1EBA0C2DD38D6200590AB7 /* Debug */,
				4C1EBA0D2DD38D6200590AB7 /* Release */,
			);
			defaultConfigurationIsVisible = 0;
			defaultConfigurationName = Release;
		};
		4C1EBA0E2DD38D6200590AB7 /* Build configuration list for PBXNativeTarget "77UITests" */ = {
			isa = XCConfigurationList;
			buildConfigurations = (
				4C1EBA0F2DD38D6200590AB7 /* Debug */,
				4C1EBA102DD38D6200590AB7 /* Release */,
			);
			defaultConfigurationIsVisible = 0;
			defaultConfigurationName = Release;
		};
/* End XCConfigurationList section */
	};
	rootObject = 4C1EB9DF2DD38D6100590AB7 /* Project object */;
}
